
Microsoft Visual Studio Solution File, Format Version 12.00
# Visual Studio Version 16
VisualStudioVersion = 16.0.31424.327
MinimumVisualStudioVersion = 10.0.40219.1
Project("{FAE04EC0-301F-11D3-BF4B-00C04F79EFBC}") = "Project_Real_ estate", "Project_Real_ estate\Project_Real_ estate.csproj", "{413D7FCF-AF49-414F-86EC-3346828F5C84}"
EndProject
Global
	GlobalSection(SolutionConfigurationPlatforms) = preSolution
		Debug|Any CPU = Debug|Any CPU
		Release|Any CPU = Release|Any CPU
	EndGlobalSection
	GlobalSection(ProjectConfigurationPlatforms) = postSolution
		{413D7FCF-AF49-414F-86EC-3346828F5C84}.Debug|Any CPU.ActiveCfg = Debug|Any CPU
		{413D7FCF-AF49-414F-86EC-3346828F5C84}.Debug|Any CPU.Build.0 = Debug|Any CPU
		{413D7FCF-AF49-414F-86EC-3346828F5C84}.Release|Any CPU.ActiveCfg = Release|Any CPU
		{413D7FCF-AF49-414F-86EC-3346828F5C84}.Release|Any CPU.Build.0 = Release|Any CPU
	EndGlobalSection
	GlobalSection(SolutionProperties) = preSolution
		HideSolutionNode = FALSE
	EndGlobalSection
	GlobalSection(ExtensibilityGlobals) = postSolution
		SolutionGuid = {BA71D4FE-36B0-47FB-8BA4-0613A1EBD43F}
	EndGlobalSection
EndGlobal
